
Microsoft Visual Studio Solution File, Format Version 12.00
Project("{FAE04EC0-301F-11D3-BF4B-00C04F79EFBC}") = "SabakaLang", "SabakaLang\SabakaLang.csproj", "{55711146-F0CD-4264-B3C0-20C6AF23048A}"
EndProject
Project("{FAE04EC0-301F-11D3-BF4B-00C04F79EFBC}") = "SabakaLang.LSP", "SabakaLang.LSP\SabakaLang.LSP.csproj", "{B69438FD-C7A5-4C17-B117-182E2CBB3E10}"
EndProject
Project("{FAE04EC0-301F-11D3-BF4B-00C04F79EFBC}") = "SabakaLang.ToExe", "SabakaLang.ToExe\SabakaLang.ToExe.csproj", "{E62DB31D-9E73-4109-B6B8-3CA86977B7BC}"
EndProject
Project("{FAE04EC0-301F-11D3-BF4B-00C04F79EFBC}") = "SabakaLang.CLI", "SabakaLang.CLI\SabakaLang.CLI.csproj", "{0C91DD91-F379-4175-9FB2-A0687203DE89}"
EndProject
Global
	GlobalSection(SolutionConfigurationPlatforms) = preSolution
		Debug|Any CPU = Debug|Any CPU
		Release|Any CPU = Release|Any CPU
	EndGlobalSection
	GlobalSection(ProjectConfigurationPlatforms) = postSolution
		{55711146-F0CD-4264-B3C0-20C6AF23048A}.Debug|Any CPU.ActiveCfg = Debug|Any CPU
		{55711146-F0CD-4264-B3C0-20C6AF23048A}.Debug|Any CPU.Build.0 = Debug|Any CPU
		{55711146-F0CD-4264-B3C0-20C6AF23048A}.Release|Any CPU.ActiveCfg = Release|Any CPU
		{55711146-F0CD-4264-B3C0-20C6AF23048A}.Release|Any CPU.Build.0 = Release|Any CPU
		{B69438FD-C7A5-4C17-B117-182E2CBB3E10}.Debug|Any CPU.ActiveCfg = Debug|Any CPU
		{B69438FD-C7A5-4C17-B117-182E2CBB3E10}.Debug|Any CPU.Build.0 = Debug|Any CPU
		{B69438FD-C7A5-4C17-B117-182E2CBB3E10}.Release|Any CPU.ActiveCfg = Release|Any CPU
		{B69438FD-C7A5-4C17-B117-182E2CBB3E10}.Release|Any CPU.Build.0 = Release|Any CPU
		{E62DB31D-9E73-4109-B6B8-3CA86977B7BC}.Debug|Any CPU.ActiveCfg = Debug|Any CPU
		{E62DB31D-9E73-4109-B6B8-3CA86977B7BC}.Debug|Any CPU.Build.0 = Debug|Any CPU
		{E62DB31D-9E73-4109-B6B8-3CA86977B7BC}.Release|Any CPU.ActiveCfg = Release|Any CPU
		{E62DB31D-9E73-4109-B6B8-3CA86977B7BC}.Release|Any CPU.Build.0 = Release|Any CPU
		{0C91DD91-F379-4175-9FB2-A0687203DE89}.Debug|Any CPU.ActiveCfg = Debug|Any CPU
		{0C91DD91-F379-4175-9FB2-A0687203DE89}.Debug|Any CPU.Build.0 = Debug|Any CPU
		{0C91DD91-F379-4175-9FB2-A0687203DE89}.Release|Any CPU.ActiveCfg = Release|Any CPU
		{0C91DD91-F379-4175-9FB2-A0687203DE89}.Release|Any CPU.Build.0 = Release|Any CPU
	EndGlobalSection
EndGlobal
